
Microsoft Visual Studio Solution File, Format Version 11.00
# Visual Studio 2010
Project("{FAE04EC0-301F-11D3-BF4B-00C04F79EFBC}") = "WordCounter", "WordCounter\WordCounter.csproj", "{9A742807-B09F-43B8-99CF-B4CE5EC036C5}"
EndProject
Global
	GlobalSection(SolutionConfigurationPlatforms) = preSolution
		Debug|x86 = Debug|x86
		Release|x86 = Release|x86
	EndGlobalSection
	GlobalSection(ProjectConfigurationPlatforms) = postSolution
		{9A742807-B09F-43B8-99CF-B4CE5EC036C5}.Debug|x86.ActiveCfg = Debug|x86
		{9A742807-B09F-43B8-99CF-B4CE5EC036C5}.Debug|x86.Build.0 = Debug|x86
		{9A742807-B09F-43B8-99CF-B4CE5EC036C5}.Release|x86.ActiveCfg = Release|x86
		{9A742807-B09F-43B8-99CF-B4CE5EC036C5}.Release|x86.Build.0 = Release|x86
	EndGlobalSection
	GlobalSection(SolutionProperties) = preSolution
		HideSolutionNode = FALSE
	EndGlobalSection
EndGlobal
